
Microsoft Visual Studio Solution File, Format Version 12.00
# Visual Studio Version 17
VisualStudioVersion = 17.0.32126.317
MinimumVisualStudioVersion = 10.0.40219.1
Project("{9A19103F-16F7-4668-BE54-9A1E7A4F7556}") = "TweetBook", "TweetBook\TweetBook.csproj", "{3D74F752-2010-4C26-81F5-D963F2A1BAD4}"
EndProject
Project("{9A19103F-16F7-4668-BE54-9A1E7A4F7556}") = "TweetBook.Sdk", "TweetBook.Sdk\TweetBook.Sdk.csproj", "{69C8B3EE-000A-4738-86DE-0802BBDA0459}"
EndProject
Project("{9A19103F-16F7-4668-BE54-9A1E7A4F7556}") = "TweetBook.Sdk.Sample", "TweetBook.Sdk.Sample\TweetBook.Sdk.Sample.csproj", "{C595584F-0355-4447-B970-EFEE9A307DA7}"
EndProject
Project("{9A19103F-16F7-4668-BE54-9A1E7A4F7556}") = "TweetBook.Contracts", "TweetBook.Contracts\TweetBook.Contracts.csproj", "{57789A94-5944-452D-8FA8-0667FFF735EF}"
EndProject
Project("{FAE04EC0-301F-11D3-BF4B-00C04F79EFBC}") = "TweetBook.IntegrationTests", "TweetBook.IntegrationTests\TweetBook.IntegrationTests.csproj", "{68F68DCA-1A0E-41E1-ADB0-5519D188592E}"
EndProject
Global
	GlobalSection(SolutionConfigurationPlatforms) = preSolution
		Debug|Any CPU = Debug|Any CPU
		Release|Any CPU = Release|Any CPU
	EndGlobalSection
	GlobalSection(ProjectConfigurationPlatforms) = postSolution
		{3D74F752-2010-4C26-81F5-D963F2A1BAD4}.Debug|Any CPU.ActiveCfg = Debug|Any CPU
		{3D74F752-2010-4C26-81F5-D963F2A1BAD4}.Debug|Any CPU.Build.0 = Debug|Any CPU
		{3D74F752-2010-4C26-81F5-D963F2A1BAD4}.Release|Any CPU.ActiveCfg = Release|Any CPU
		{3D74F752-2010-4C26-81F5-D963F2A1BAD4}.Release|Any CPU.Build.0 = Release|Any CPU
		{69C8B3EE-000A-4738-86DE-0802BBDA0459}.Debug|Any CPU.ActiveCfg = Debug|Any CPU
		{69C8B3EE-000A-4738-86DE-0802BBDA0459}.Debug|Any CPU.Build.0 = Debug|Any CPU
		{69C8B3EE-000A-4738-86DE-0802BBDA0459}.Release|Any CPU.ActiveCfg = Release|Any CPU
		{69C8B3EE-000A-4738-86DE-0802BBDA0459}.Release|Any CPU.Build.0 = Release|Any CPU
		{C595584F-0355-4447-B970-EFEE9A307DA7}.Debug|Any CPU.ActiveCfg = Debug|Any CPU
		{C595584F-0355-4447-B970-EFEE9A307DA7}.Debug|Any CPU.Build.0 = Debug|Any CPU
		{C595584F-0355-4447-B970-EFEE9A307DA7}.Release|Any CPU.ActiveCfg = Release|Any CPU
		{C595584F-0355-4447-B970-EFEE9A307DA7}.Release|Any CPU.Build.0 = Release|Any CPU
		{57789A94-5944-452D-8FA8-0667FFF735EF}.Debug|Any CPU.ActiveCfg = Debug|Any CPU
		{57789A94-5944-452D-8FA8-0667FFF735EF}.Debug|Any CPU.Build.0 = Debug|Any CPU
		{57789A94-5944-452D-8FA8-0667FFF735EF}.Release|Any CPU.ActiveCfg = Release|Any CPU
		{57789A94-5944-452D-8FA8-0667FFF735EF}.Release|Any CPU.Build.0 = Release|Any CPU
		{68F68DCA-1A0E-41E1-ADB0-5519D188592E}.Debug|Any CPU.ActiveCfg = Debug|Any CPU
		{68F68DCA-1A0E-41E1-ADB0-5519D188592E}.Debug|Any CPU.Build.0 = Debug|Any CPU
		{68F68DCA-1A0E-41E1-ADB0-5519D188592E}.Release|Any CPU.ActiveCfg = Release|Any CPU
		{68F68DCA-1A0E-41E1-ADB0-5519D188592E}.Release|Any CPU.Build.0 = Release|Any CPU
	EndGlobalSection
	GlobalSection(SolutionProperties) = preSolution
		HideSolutionNode = FALSE
	EndGlobalSection
	GlobalSection(ExtensibilityGlobals) = postSolution
		SolutionGuid = {8C433BD0-D16F-43DA-91CB-80FC9847EADE}
	EndGlobalSection
EndGlobal
